// !$*UTF8*$!
{
	archiveVersion = 1;
	classes = {
	};
	objectVersion = 48;
	objects = {

/* Begin PBXBuildFile section */
		B07B1CA820027A7800E1E6EA /* AppDelegate.swift in Sources */ = {isa = PBXBuildFile; fileRef = B07B1CA720027A7800E1E6EA /* AppDelegate.swift */; };
		B07B1CAE20027A7800E1E6EA /* GameScene.swift in Sources */ = {isa = PBXBuildFile; fileRef = B07B1CAD20027A7800E1E6EA /* GameScene.swift */; };
		B07B1CB020027A7800E1E6EA /* GameViewController.swift in Sources */ = {isa = PBXBuildFile; fileRef = B07B1CAF20027A7800E1E6EA /* GameViewController.swift */; };
		B07B1CB320027A7800E1E6EA /* Main.storyboard in Resources */ = {isa = PBXBuildFile; fileRef = B07B1CB120027A7800E1E6EA /* Main.storyboard */; };
		B07B1CB520027A7800E1E6EA /* Assets.xcassets in Resources */ = {isa = PBXBuildFile; fileRef = B07B1CB420027A7800E1E6EA /* Assets.xcassets */; };
		B07B1CB820027A7800E1E6EA /* LaunchScreen.storyboard in Resources */ = {isa = PBXBuildFile; fileRef = B07B1CB620027A7800E1E6EA /* LaunchScreen.storyboard */; };
		B07B1CC22002A59600E1E6EA /* background-music-aac.caf in Resources */ = {isa = PBXBuildFile; fileRef = B07B1CC02002A59600E1E6EA /* background-music-aac.caf */; };
		B07B1CC32002A59600E1E6EA /* pew-pew-lei.caf in Resources */ = {isa = PBXBuildFile; fileRef = B07B1CC12002A59600E1E6EA /* pew-pew-lei.caf */; };
		B07B1CC52002BBAF00E1E6EA /* GameOverScene.swift in Sources */ = {isa = PBXBuildFile; fileRef = B07B1CC42002BBAF00E1E6EA /* GameOverScene.swift */; };
/* End PBXBuildFile section */

/* Begin PBXFileReference section */
		B07B1CA420027A7800E1E6EA /* myFirstGameInSpriteKit.app */ = {isa = PBXFileReference; explicitFileType = wrapper.application; includeInIndex = 0; path = myFirstGameInSpriteKit.app; sourceTree = BUILT_PRODUCTS_DIR; };
		B07B1CA720027A7800E1E6EA /* AppDelegate.swift */ = {isa = PBXFileReference; lastKnownFileType = sourcecode.swift; path = AppDelegate.swift; sourceTree = "<group>"; };
		B07B1CAD20027A7800E1E6EA /* GameScene.swift */ = {isa = PBXFileReference; lastKnownFileType = sourcecode.swift; path = GameScene.swift; sourceTree = "<group>"; };
		B07B1CAF20027A7800E1E6EA /* GameViewController.swift */ = {isa = PBXFileReference; lastKnownFileType = sourcecode.swift; path = GameViewController.swift; sourceTree = "<group>"; };
		B07B1CB220027A7800E1E6EA /* Base */ = {isa = PBXFileReference; lastKnownFileType = file.storyboard; name = Base; path = Base.lproj/Main.storyboard; sourceTree = "<group>"; };
		B07B1CB420027A7800E1E6EA /* Assets.xcassets */ = {isa = PBXFileReference; lastKnownFileType = folder.assetcatalog; path = Assets.xcassets; sourceTree = "<group>"; };
		B07B1CB720027A7800E1E6EA /* Base */ = {isa = PBXFileReference; lastKnownFileType = file.storyboard; name = Base; path = Base.lproj/LaunchScreen.storyboard; sourceTree = "<group>"; };
		B07B1CB920027A7800E1E6EA /* Info.plist */ = {isa = PBXFileReference; lastKnownFileType = text.plist.xml; path = Info.plist; sourceTree = "<group>"; };
		B07B1CC02002A59600E1E6EA /* background-music-aac.caf */ = {isa = PBXFileReference; lastKnownFileType = file; path = "background-music-aac.caf"; sourceTree = "<group>"; };
		B07B1CC12002A59600E1E6EA /* pew-pew-lei.caf */ = {isa = PBXFileReference; lastKnownFileType = file; path = "pew-pew-lei.caf"; sourceTree = "<group>"; };
		B07B1CC42002BBAF00E1E6EA /* GameOverScene.swift */ = {isa = PBXFileReference; lastKnownFileType = sourcecode.swift; path = GameOverScene.swift; sourceTree = "<group>"; };
/* End PBXFileReference section */

/* Begin PBXFrameworksBuildPhase section */
		B07B1CA120027A7800E1E6EA /* Frameworks */ = {
			isa = PBXFrameworksBuildPhase;
			buildActionMask = 2147483647;
			files = (
			);
			runOnlyForDeploymentPostprocessing = 0;
		};
/* End PBXFrameworksBuildPhase section */

/* Begin PBXGroup section */
		B07B1C9B20027A7800E1E6EA = {
			isa = PBXGroup;
			children = (
				B07B1CA620027A7800E1E6EA /* myFirstGameInSpriteKit */,
				B07B1CA520027A7800E1E6EA /* Products */,
			);
			sourceTree = "<group>";
		};
		B07B1CA520027A7800E1E6EA /* Products */ = {
			isa = PBXGroup;
			children = (
				B07B1CA420027A7800E1E6EA /* myFirstGameInSpriteKit.app */,
			);
			name = Products;
			sourceTree = "<group>";
		};
		B07B1CA620027A7800E1E6EA /* myFirstGameInSpriteKit */ = {
			isa = PBXGroup;
			children = (
				B07B1CA720027A7800E1E6EA /* AppDelegate.swift */,
				B07B1CAD20027A7800E1E6EA /* GameScene.swift */,
				B07B1CC42002BBAF00E1E6EA /* GameOverScene.swift */,
				B07B1CAF20027A7800E1E6EA /* GameViewController.swift */,
				B07B1CBF2002A59600E1E6EA /* Sounds */,
				B07B1CB120027A7800E1E6EA /* Main.storyboard */,
				B07B1CB420027A7800E1E6EA /* Assets.xcassets */,
				B07B1CB620027A7800E1E6EA /* LaunchScreen.storyboard */,
				B07B1CB920027A7800E1E6EA /* Info.plist */,
			);
			path = myFirstGameInSpriteKit;
			sourceTree = "<group>";
		};
		B07B1CBF2002A59600E1E6EA /* Sounds */ = {
			isa = PBXGroup;
			children = (
				B07B1CC02002A59600E1E6EA /* background-music-aac.caf */,
				B07B1CC12002A59600E1E6EA /* pew-pew-lei.caf */,
			);
			path = Sounds;
			sourceTree = "<group>";
		};
/* End PBXGroup section */

/* Begin PBXNativeTarget section */
		B07B1CA320027A7800E1E6EA /* myFirstGameInSpriteKit */ = {
			isa = PBXNativeTarget;
			buildConfigurationList = B07B1CBC20027A7800E1E6EA /* Build configuration list for PBXNativeTarget "myFirstGameInSpriteKit" */;
			buildPhases = (
				B07B1CA020027A7800E1E6EA /* Sources */,
				B07B1CA120027A7800E1E6EA /* Frameworks */,
				B07B1CA220027A7800E1E6EA /* Resources */,
			);
			buildRules = (
			);
			dependencies = (
			);
			name = myFirstGameInSpriteKit;
			productName = myFirstGameInSpriteKit;
			productReference = B07B1CA420027A7800E1E6EA /* myFirstGameInSpriteKit.app */;
			productType = "com.apple.product-type.application";
		};
/* End PBXNativeTarget section */

/* Begin PBXProject section */
		B07B1C9C20027A7800E1E6EA /* Project object */ = {
			isa = PBXProject;
			attributes = {
				LastSwiftUpdateCheck = 0920;
				LastUpgradeCheck = 0920;
				ORGANIZATIONNAME = iraniya;
				TargetAttributes = {
					B07B1CA320027A7800E1E6EA = {
						CreatedOnToolsVersion = 9.2;
						ProvisioningStyle = Automatic;
					};
				};
			};
			buildConfigurationList = B07B1C9F20027A7800E1E6EA /* Build configuration list for PBXProject "myFirstGameInSpriteKit" */;
			compatibilityVersion = "Xcode 8.0";
			developmentRegion = en;
			hasScannedForEncodings = 0;
			knownRegions = (
				en,
				Base,
			);
			mainGroup = B07B1C9B20027A7800E1E6EA;
			productRefGroup = B07B1CA520027A7800E1E6EA /* Products */;
			projectDirPath = "";
			projectRoot = "";
			targets = (
				B07B1CA320027A7800E1E6EA /* myFirstGameInSpriteKit */,
			);
		};
/* End PBXProject section */

/* Begin PBXResourcesBuildPhase section */
		B07B1CA220027A7800E1E6EA /* Resources */ = {
			isa = PBXResourcesBuildPhase;
			buildActionMask = 2147483647;
			files = (
				B07B1CC22002A59600E1E6EA /* background-music-aac.caf in Resources */,
				B07B1CB320027A7800E1E6EA /* Main.storyboard in Resources */,
				B07B1CB520027A7800E1E6EA /* Assets.xcassets in Resources */,
				B07B1CC32002A59600E1E6EA /* pew-pew-lei.caf in Resources */,
				B07B1CB820027A7800E1E6EA /* LaunchScreen.storyboard in Resources */,
			);
			runOnlyForDeploymentPostprocessing = 0;
		};
/* End PBXResourcesBuildPhase section */

/* Begin PBXSourcesBuildPhase section */
		B07B1CA020027A7800E1E6EA /* Sources */ = {
			isa = PBXSourcesBuildPhase;
			buildActionMask = 2147483647;
			files = (
				B07B1CAE20027A7800E1E6EA /* GameScene.swift in Sources */,
				B07B1CB020027A7800E1E6EA /* GameViewController.swift in Sources */,
				B07B1CC52002BBAF00E1E6EA /* GameOverScene.swift in Sources */,
				B07B1CA820027A7800E1E6EA /* AppDelegate.swift in Sources */,
			);
			runOnlyForDeploymentPostprocessing = 0;
		};
/* End PBXSourcesBuildPhase section */

/* Begin PBXVariantGroup section */
		B07B1CB120027A7800E1E6EA /* Main.storyboard */ = {
			isa = PBXVariantGroup;
			children = (
				B07B1CB220027A7800E1E6EA /* Base */,
			);
			name = Main.storyboard;
			sourceTree = "<group>";
		};
		B07B1CB620027A7800E1E6EA /* LaunchScreen.storyboard */ = {
			isa = PBXVariantGroup;
			children = (
				B07B1CB720027A7800E1E6EA /* Base */,
			);
			name = LaunchScreen.storyboard;
			sourceTree = "<group>";
		};
/* End PBXVariantGroup section */

/* Begin XCBuildConfiguration section */
		B07B1CBA20027A7800E1E6EA /* Debug */ = {
			isa = XCBuildConfiguration;
			buildSettings = {
				ALWAYS_SEARCH_USER_PATHS = NO;
				CLANG_ANALYZER_NONNULL = YES;
				CLANG_ANALYZER_NUMBER_OBJECT_CONVERSION = YES_AGGRESSIVE;
				CLANG_CXX_LANGUAGE_STANDARD = "gnu++14";
				CLANG_CXX_LIBRARY = "libc++";
				CLANG_ENABLE_MODULES = YES;
				CLANG_ENABLE_OBJC_ARC = YES;
				CLANG_WARN_BLOCK_CAPTURE_AUTORELEASING = YES;
				CLANG_WARN_BOOL_CONVERSION = YES;
				CLANG_WARN_COMMA = YES;
				CLANG_WARN_CONSTANT_CONVERSION = YES;
				CLANG_WARN_DIRECT_OBJC_ISA_USAGE = YES_ERROR;
				CLANG_WARN_DOCUMENTATION_COMMENTS = YES;
				CLANG_WARN_EMPTY_BODY = YES;
				CLANG_WARN_ENUM_CONVERSION = YES;
				CLANG_WARN_INFINITE_RECURSION = YES;
				CLANG_WARN_INT_CONVERSION = YES;
				CLANG_WARN_NON_LITERAL_NULL_CONVERSION = YES;
				CLANG_WARN_OBJC_LITERAL_CONVERSION = YES;
				CLANG_WARN_OBJC_ROOT_CLASS = YES_ERROR;
				CLANG_WARN_RANGE_LOOP_ANALYSIS = YES;
				CLANG_WARN_STRICT_PROTOTYPES = YES;
				CLANG_WARN_SUSPICIOUS_MOVE = YES;
				CLANG_WARN_UNGUARDED_AVAILABILITY = YES_AGGRESSIVE;
				CLANG_WARN_UNREACHABLE_CODE = YES;
				CLANG_WARN__DUPLICATE_METHOD_MATCH = YES;
				CODE_SIGN_IDENTITY = "iPhone Developer";
				COPY_PHASE_STRIP = NO;
				DEBUG_INFORMATION_FORMAT = dwarf;
				ENABLE_STRICT_OBJC_MSGSEND = YES;
				ENABLE_TESTABILITY = YES;
				GCC_C_LANGUAGE_STANDARD = gnu11;
				GCC_DYNAMIC_NO_PIC = NO;
				GCC_NO_COMMON_BLOCKS = YES;
				GCC_OPTIMIZATION_LEVEL = 0;
				GCC_PREPROCESSOR_DEFINITIONS = (
					"DEBUG=1",
					"$(inherited)",
				);
				GCC_WARN_64_TO_32_BIT_CONVERSION = YES;
				GCC_WARN_ABOUT_RETURN_TYPE = YES_ERROR;
				GCC_WARN_UNDECLARED_SELECTOR = YES;
				GCC_WARN_UNINITIALIZED_AUTOS = YES_AGGRESSIVE;
				GCC_WARN_UNUSED_FUNCTION = YES;
				GCC_WARN_UNUSED_VARIABLE = YES;
				IPHONEOS_DEPLOYMENT_TARGET = 11.2;
				MTL_ENABLE_DEBUG_INFO = YES;
				ONLY_ACTIVE_ARCH = YES;
				SDKROOT = iphoneos;
				SWIFT_ACTIVE_COMPILATION_CONDITIONS = DEBUG;
				SWIFT_OPTIMIZATION_LEVEL = "-Onone";
			};
			name = Debug;
		};
		B07B1CBB20027A7800E1E6EA /* Release */ = {
			isa = XCBuildConfiguration;
			buildSettings = {
				ALWAYS_SEARCH_USER_PATHS = NO;
				CLANG_ANALYZER_NONNULL = YES;
				CLANG_ANALYZER_NUMBER_OBJECT_CONVERSION = YES_AGGRESSIVE;
				CLANG_CXX_LANGUAGE_STANDARD = "gnu++14";
				CLANG_CXX_LIBRARY = "libc++";
				CLANG_ENABLE_MODULES = YES;
				CLANG_ENABLE_OBJC_ARC = YES;
				CLANG_WARN_BLOCK_CAPTURE_AUTORELEASING = YES;
				CLANG_WARN_BOOL_CONVERSION = YES;
				CLANG_WARN_COMMA = YES;
				CLANG_WARN_CONSTANT_CONVERSION = YES;
				CLANG_WARN_DIRECT_OBJC_ISA_USAGE = YES_ERROR;
				CLANG_WARN_DOCUMENTATION_COMMENTS = YES;
				CLANG_WARN_EMPTY_BODY = YES;
				CLANG_WARN_ENUM_CONVERSION = YES;
				CLANG_WARN_INFINITE_RECURSION = YES;
				CLANG_WARN_INT_CONVERSION = YES;
				CLANG_WARN_NON_LITERAL_NULL_CONVERSION = YES;
				CLANG_WARN_OBJC_LITERAL_CONVERSION = YES;
				CLANG_WARN_OBJC_ROOT_CLASS = YES_ERROR;
				CLANG_WARN_RANGE_LOOP_ANALYSIS = YES;
				CLANG_WARN_STRICT_PROTOTYPES = YES;
				CLANG_WARN_SUSPICIOUS_MOVE = YES;
				CLANG_WARN_UNGUARDED_AVAILABILITY = YES_AGGRESSIVE;
				CLANG_WARN_UNREACHABLE_CODE = YES;
				CLANG_WARN__DUPLICATE_METHOD_MATCH = YES;
				CODE_SIGN_IDENTITY = "iPhone Developer";
				COPY_PHASE_STRIP = NO;
				DEBUG_INFORMATION_FORMAT = "dwarf-with-dsym";
				ENABLE_NS_ASSERTIONS = NO;
				ENABLE_STRICT_OBJC_MSGSEND = YES;
				GCC_C_LANGUAGE_STANDARD = gnu11;
				GCC_NO_COMMON_BLOCKS = YES;
				GCC_WARN_64_TO_32_BIT_CONVERSION = YES;
				GCC_WARN_ABOUT_RETURN_TYPE = YES_ERROR;
				GCC_WARN_UNDECLARED_SELECTOR = YES;
				GCC_WARN_UNINITIALIZED_AUTOS = YES_AGGRESSIVE;
				GCC_WARN_UNUSED_FUNCTION = YES;
				GCC_WARN_UNUSED_VARIABLE = YES;
				IPHONEOS_DEPLOYMENT_TARGET = 11.2;
				MTL_ENABLE_DEBUG_INFO = NO;
				SDKROOT = iphoneos;
				SWIFT_OPTIMIZATION_LEVEL = "-Owholemodule";
				VALIDATE_PRODUCT = YES;
			};
			name = Release;
		};
		B07B1CBD20027A7800E1E6EA /* Debug */ = {
			isa = XCBuildConfiguration;
			buildSettings = {
				ASSETCATALOG_COMPILER_APPICON_NAME = AppIcon;
				CODE_SIGN_STYLE = Automatic;
				INFOPLIST_FILE = myFirstGameInSpriteKit/Info.plist;
				LD_RUNPATH_SEARCH_PATHS = "$(inherited) @executable_path/Frameworks";
				PRODUCT_BUNDLE_IDENTIFIER = com.iraniya.myFirstGameInSpriteKit;
				PRODUCT_NAME = "$(TARGET_NAME)";
				SWIFT_VERSION = 4.0;
				TARGETED_DEVICE_FAMILY = "1,2";
			};
			name = Debug;
		};
		B07B1CBE20027A7800E1E6EA /* Release */ = {
			isa = XCBuildConfiguration;
			buildSettings = {
				ASSETCATALOG_COMPILER_APPICON_NAME = AppIcon;
				CODE_SIGN_STYLE = Automatic;
				INFOPLIST_FILE = myFirstGameInSpriteKit/Info.plist;
				LD_RUNPATH_SEARCH_PATHS = "$(inherited) @executable_path/Frameworks";
				PRODUCT_BUNDLE_IDENTIFIER = com.iraniya.myFirstGameInSpriteKit;
				PRODUCT_NAME = "$(TARGET_NAME)";
				SWIFT_VERSION = 4.0;
				TARGETED_DEVICE_FAMILY = "1,2";
			};
			name = Release;
		};
/* End XCBuildConfiguration section */

/* Begin XCConfigurationList section */
		B07B1C9F20027A7800E1E6EA /* Build configuration list for PBXProject "myFirstGameInSpriteKit" */ = {
			isa = XCConfigurationList;
			buildConfigurations = (
				B07B1CBA20027A7800E1E6EA /* Debug */,
				B07B1CBB20027A7800E1E6EA /* Release */,
			);
			defaultConfigurationIsVisible = 0;
			defaultConfigurationName = Release;
		};
		B07B1CBC20027A7800E1E6EA /* Build configuration list for PBXNativeTarget "myFirstGameInSpriteKit" */ = {
			isa = XCConfigurationList;
			buildConfigurations = (
				B07B1CBD20027A7800E1E6EA /* Debug */,
				B07B1CBE20027A7800E1E6EA /* Release */,
			);
			defaultConfigurationIsVisible = 0;
			defaultConfigurationName = Release;
		};
/* End XCConfigurationList section */
	};
	rootObject = B07B1C9C20027A7800E1E6EA /* Project object */;
}
